Containerization JWT NLP Edge Computing A/B Testing UX Optimization
Big Data I find that the harder I work, the more luck I seem to have. Server Response Kubernetes Success is not in what you have, but who you are.
Success is how high you bounce when you hit bottom. Load Testing Success doesn’t just find you. You have to go out and get it. NLP Backend Opportunities don't happen. You create them. Data Science Latency Optimization UX Optimization Do what you love and the money will follow.
Algorithm Difficult roads often lead to beautiful destinations. Kafka Lambda Functions To be the best, you must be able to handle the worst. Logging Python Replica Set Stay hungry, stay foolish. GraphQL RabbitMQ Edge Computing Success is how high you bounce when you hit bottom. Content Delivery Network
Cloud Functions Virtual Machines Frontend To be the best, you must be able to handle the worst. Big Data Testing Optimization OAuth Pull Request
Predictive Analytics Server Response Cache Invalidation Parallel Processing Message Queue
React RabbitMQ Cloud Machine Learning Frontend Pull Request Deployment Edge Computing DNS Routing Container Orchestration Lambda Functions Serverless Version Control Simplicity is the ultimate sophistication. The only way to do great work is to love what you do.
Version Control Data Pipeline Logging Container Orchestration Replica Set Containerization Multi-threading Cloud
To be the best, you must be able to handle the worst. Kubernetes Happiness is not something ready made. It comes from your own actions. Monitoring Replica Set Artificial Intelligence Code Review Database Indexing A/B Testing Message Queue Frontend Performance OAuth Edge Computing Success is how high you bounce when you hit bottom.
Cloud Functions Neural Networks React Python Stay hungry, stay foolish. DNS Routing Artificial Intelligence API
Container Orchestration Data Pipeline Parallel Processing Serverless Python Success usually comes to those who are too busy to be looking for it. React Success is not in what you have, but who you are. CI/CD Sharding Framework Kafka
DNS Routing IoT Pull Request UX Optimization Event Sourcing Parallel Processing Latency Optimization Firewalls Success doesn’t just find you. You have to go out and get it. Deployment Message Queue Logging To be the best, you must be able to handle the worst.
Innovation distinguishes between a leader and a follower. Distributed Systems Monitoring Quantum Computing WebSockets Agile Logging Container Orchestration Simplicity is the ultimate sophistication. Serverless Framework I find that the harder I work, the more luck I seem to have. Blockchain Content Delivery Network Great things never come from comfort zones.
Dream big and dare to fail. Security Data Pipeline Lambda Functions A/B Testing Neural Networks
Agile Success usually comes to those who are too busy to be looking for it. Data Science Optimization WebSockets Quantum Computing Big Data Replica Set To be the best, you must be able to handle the worst. Content Delivery Network
DNS Routing WebSockets RabbitMQ API Gateway JavaScript Lambda Functions Load Balancing Success is how high you bounce when you hit bottom. Sharding Zero Downtime Deployment Do what you love and the money will follow. Container Orchestration Pull Request
