Containerization JWT NLP Edge Computing A/B Testing UX Optimization
Big Data I find that the harder I work, the more luck I seem to have. Server Response Kubernetes Success is not in what you have, but who you are.
Success is how high you bounce when you hit bottom. Load Testing Success doesn’t just find you. You have to go out and get it. NLP Backend Opportunities don't happen. You create them. Data Science Latency Optimization UX Optimization Do what you love and the money will follow.
Algorithm Difficult roads often lead to beautiful destinations. Kafka Lambda Functions To be the best, you must be able to handle the worst. Logging Python Replica Set Stay hungry, stay foolish. GraphQL RabbitMQ Edge Computing Success is how high you bounce when you hit bottom. Content Delivery Network
Cloud Functions Virtual Machines Frontend To be the best, you must be able to handle the worst. Big Data Testing Optimization OAuth Pull Request
